
Microsoft Visual Studio Solution File, Format Version 12.00
Project("{FAE04EC0-301F-11D3-BF4B-00C04F79EFBC}") = "RosaDB", "RosaDB\RosaDB.csproj", "{6EA5ED5C-005D-4137-8DE5-9F405B616926}"
EndProject
Project("{FAE04EC0-301F-11D3-BF4B-00C04F79EFBC}") = "RosaDB.Library", "RosaDB.Library\RosaDB.Library.csproj", "{E309B3B5-6D82-45C7-9DB9-48AB1B48EA14}"
EndProject
Global
	GlobalSection(SolutionConfigurationPlatforms) = preSolution
		Debug|Any CPU = Debug|Any CPU
		Release|Any CPU = Release|Any CPU
	EndGlobalSection
	GlobalSection(ProjectConfigurationPlatforms) = postSolution
		{6EA5ED5C-005D-4137-8DE5-9F405B616926}.Debug|Any CPU.ActiveCfg = Debug|Any CPU
		{6EA5ED5C-005D-4137-8DE5-9F405B616926}.Debug|Any CPU.Build.0 = Debug|Any CPU
		{6EA5ED5C-005D-4137-8DE5-9F405B616926}.Release|Any CPU.ActiveCfg = Release|Any CPU
		{6EA5ED5C-005D-4137-8DE5-9F405B616926}.Release|Any CPU.Build.0 = Release|Any CPU
		{E309B3B5-6D82-45C7-9DB9-48AB1B48EA14}.Debug|Any CPU.ActiveCfg = Debug|Any CPU
		{E309B3B5-6D82-45C7-9DB9-48AB1B48EA14}.Debug|Any CPU.Build.0 = Debug|Any CPU
		{E309B3B5-6D82-45C7-9DB9-48AB1B48EA14}.Release|Any CPU.ActiveCfg = Release|Any CPU
		{E309B3B5-6D82-45C7-9DB9-48AB1B48EA14}.Release|Any CPU.Build.0 = Release|Any CPU
	EndGlobalSection
EndGlobal
